{
    "name": "null",
    "version": "1.0.0",
    "lockfileVersion": 1,
    "requires": true,
    "dependencies": {
        "@bkbaalkrshna/switch-theme": {
            "version": "0.1.3",
            "resolved": "https://registry.npmjs.org/@bkbaalkrshna/switch-theme/-/switch-theme-0.1.3.tgz",
            "integrity": "sha512-KD33bNeJVVpua/8zX1hknbZj4zjGdQwraFI1Y8PnhVuYgmnuyZuSWJNbT9l1KzMec0Nd4LpZWgE8eYOddeHNYA=="
        }
    }
}
